
Microsoft Visual Studio Solution File, Format Version 12.00
# Visual Studio Version 17
VisualStudioVersion = 17.12.35527.113
MinimumVisualStudioVersion = 10.0.40219.1
Project("{FAE04EC0-301F-11D3-BF4B-00C04F79EFBC}") = "AquaparkApp.Server", "Server\AquaparkApp.Server.csproj", "{D7F18809-18E4-4986-A6FD-480400FBD875}"
EndProject
Project("{FAE04EC0-301F-11D3-BF4B-00C04F79EFBC}") = "AquaparkApp.Client", "Client\AquaparkApp.Client.csproj", "{8BB0AAE7-966E-4B47-B37C-6634C0A8DF58}"
EndProject
Project("{FAE04EC0-301F-11D3-BF4B-00C04F79EFBC}") = "AquaparkApp.Shared", "Shared\AquaparkApp.Shared.csproj", "{F156A2B8-DDFF-49B4-9066-80CE39ADDBF7}"
EndProject
Global
	GlobalSection(SolutionConfigurationPlatforms) = preSolution
		Debug|Any CPU = Debug|Any CPU
		Release|Any CPU = Release|Any CPU
	EndGlobalSection
	GlobalSection(ProjectConfigurationPlatforms) = postSolution
		{D7F18809-18E4-4986-A6FD-480400FBD875}.Debug|Any CPU.ActiveCfg = Debug|Any CPU
		{D7F18809-18E4-4986-A6FD-480400FBD875}.Debug|Any CPU.Build.0 = Debug|Any CPU
		{D7F18809-18E4-4986-A6FD-480400FBD875}.Release|Any CPU.ActiveCfg = Release|Any CPU
		{D7F18809-18E4-4986-A6FD-480400FBD875}.Release|Any CPU.Build.0 = Release|Any CPU
		{8BB0AAE7-966E-4B47-B37C-6634C0A8DF58}.Debug|Any CPU.ActiveCfg = Debug|Any CPU
		{8BB0AAE7-966E-4B47-B37C-6634C0A8DF58}.Debug|Any CPU.Build.0 = Debug|Any CPU
		{8BB0AAE7-966E-4B47-B37C-6634C0A8DF58}.Release|Any CPU.ActiveCfg = Release|Any CPU
		{8BB0AAE7-966E-4B47-B37C-6634C0A8DF58}.Release|Any CPU.Build.0 = Release|Any CPU
		{F156A2B8-DDFF-49B4-9066-80CE39ADDBF7}.Debug|Any CPU.ActiveCfg = Debug|Any CPU
		{F156A2B8-DDFF-49B4-9066-80CE39ADDBF7}.Debug|Any CPU.Build.0 = Debug|Any CPU
		{F156A2B8-DDFF-49B4-9066-80CE39ADDBF7}.Release|Any CPU.ActiveCfg = Release|Any CPU
		{F156A2B8-DDFF-49B4-9066-80CE39ADDBF7}.Release|Any CPU.Build.0 = Release|Any CPU
	EndGlobalSection
	GlobalSection(SolutionProperties) = preSolution
		HideSolutionNode = FALSE
	EndGlobalSection
	GlobalSection(ExtensibilityGlobals) = postSolution
		SolutionGuid = {72230CB3-F6B7-4400-BA31-1A371CA36B76}
	EndGlobalSection
EndGlobal
